
Microsoft Visual Studio Solution File, Format Version 12.00
# Visual Studio 15
VisualStudioVersion = 15.0.28010.2050
MinimumVisualStudioVersion = 10.0.40219.1
Project("{8BC9CEB8-8B4A-11D0-8D11-00A0C91BC942}") = "Tutorials", "Tutorials\Tutorials.vcxproj", "{129D6A79-0571-450E-93C0-40BF85C4AEA8}"
EndProject
Project("{8BC9CEB8-8B4A-11D0-8D11-00A0C91BC942}") = "cuda_shared", "cuda_shared\cuda_shared.vcxproj", "{D88B377A-1198-4B8C-9AFE-D027D757027D}"
EndProject
Global
	GlobalSection(SolutionConfigurationPlatforms) = preSolution
		Debug|x64 = Debug|x64
		Debug|x86 = Debug|x86
		Release|x64 = Release|x64
		Release|x86 = Release|x86
	EndGlobalSection
	GlobalSection(ProjectConfigurationPlatforms) = postSolution
		{129D6A79-0571-450E-93C0-40BF85C4AEA8}.Debug|x64.ActiveCfg = Debug|x64
		{129D6A79-0571-450E-93C0-40BF85C4AEA8}.Debug|x64.Build.0 = Debug|x64
		{129D6A79-0571-450E-93C0-40BF85C4AEA8}.Debug|x86.ActiveCfg = Debug|Win32
		{129D6A79-0571-450E-93C0-40BF85C4AEA8}.Debug|x86.Build.0 = Debug|Win32
		{129D6A79-0571-450E-93C0-40BF85C4AEA8}.Release|x64.ActiveCfg = Release|x64
		{129D6A79-0571-450E-93C0-40BF85C4AEA8}.Release|x64.Build.0 = Release|x64
		{129D6A79-0571-450E-93C0-40BF85C4AEA8}.Release|x86.ActiveCfg = Release|Win32
		{129D6A79-0571-450E-93C0-40BF85C4AEA8}.Release|x86.Build.0 = Release|Win32
		{D88B377A-1198-4B8C-9AFE-D027D757027D}.Debug|x64.ActiveCfg = Debug|x64
		{D88B377A-1198-4B8C-9AFE-D027D757027D}.Debug|x64.Build.0 = Debug|x64
		{D88B377A-1198-4B8C-9AFE-D027D757027D}.Debug|x86.ActiveCfg = Debug|x64
		{D88B377A-1198-4B8C-9AFE-D027D757027D}.Release|x64.ActiveCfg = Release|x64
		{D88B377A-1198-4B8C-9AFE-D027D757027D}.Release|x64.Build.0 = Release|x64
		{D88B377A-1198-4B8C-9AFE-D027D757027D}.Release|x86.ActiveCfg = Release|x64
	EndGlobalSection
	GlobalSection(SolutionProperties) = preSolution
		HideSolutionNode = FALSE
	EndGlobalSection
	GlobalSection(ExtensibilityGlobals) = postSolution
		SolutionGuid = {C7F6E996-CEF3-4553-8F45-2A637967502C}
	EndGlobalSection
EndGlobal
